
Microsoft Visual Studio Solution File, Format Version 12.00
# Visual Studio 14
VisualStudioVersion = 14.0.24720.0
MinimumVisualStudioVersion = 10.0.40219.1
Project("{2150E333-8FDC-42A3-9474-1A3956D46DE8}") = "Engine", "Engine", "{9E402B87-DC10-4F2A-9D30-939A8503103A}"
EndProject
Project("{2150E333-8FDC-42A3-9474-1A3956D46DE8}") = "Games", "Games", "{371DF115-4548-4B9A-97D9-90792577415B}"
EndProject
Project("{8BC9CEB8-8B4A-11D0-8D11-00A0C91BC942}") = "UE4", "Intermediate\ProjectFiles\UE4.vcxproj", "{72A29B35-4DCC-4A38-9AC0-A6A9BCBD06DD}"
EndProject
Project("{8BC9CEB8-8B4A-11D0-8D11-00A0C91BC942}") = "Testing_Grounds", "Intermediate\ProjectFiles\Testing_Grounds.vcxproj", "{9C84A318-86A0-4B79-96C3-415B15C90BA9}"
EndProject
Global
	GlobalSection(SolutionConfigurationPlatforms) = preSolution
		DebugGame Editor|HTML5 = DebugGame Editor|HTML5
		DebugGame Editor|Win32 = DebugGame Editor|Win32
		DebugGame Editor|Win64 = DebugGame Editor|Win64
		DebugGame|HTML5 = DebugGame|HTML5
		DebugGame|Win32 = DebugGame|Win32
		DebugGame|Win64 = DebugGame|Win64
		Development Editor|HTML5 = Development Editor|HTML5
		Development Editor|Win32 = Development Editor|Win32
		Development Editor|Win64 = Development Editor|Win64
		Development|HTML5 = Development|HTML5
		Development|Win32 = Development|Win32
		Development|Win64 = Development|Win64
		Shipping|HTML5 = Shipping|HTML5
		Shipping|Win32 = Shipping|Win32
		Shipping|Win64 = Shipping|Win64
	EndGlobalSection
	GlobalSection(ProjectConfigurationPlatforms) = postSolution
		{72A29B35-4DCC-4A38-9AC0-A6A9BCBD06DD}.DebugGame Editor|HTML5.ActiveCfg = BuiltWithUnrealBuildTool|Win32
		{72A29B35-4DCC-4A38-9AC0-A6A9BCBD06DD}.DebugGame Editor|HTML5.Build.0 = BuiltWithUnrealBuildTool|Win32
		{72A29B35-4DCC-4A38-9AC0-A6A9BCBD06DD}.DebugGame Editor|Win32.ActiveCfg = BuiltWithUnrealBuildTool|Win32
		{72A29B35-4DCC-4A38-9AC0-A6A9BCBD06DD}.DebugGame Editor|Win32.Build.0 = BuiltWithUnrealBuildTool|Win32
		{72A29B35-4DCC-4A38-9AC0-A6A9BCBD06DD}.DebugGame Editor|Win64.ActiveCfg = BuiltWithUnrealBuildTool|Win32
		{72A29B35-4DCC-4A38-9AC0-A6A9BCBD06DD}.DebugGame Editor|Win64.Build.0 = BuiltWithUnrealBuildTool|Win32
		{72A29B35-4DCC-4A38-9AC0-A6A9BCBD06DD}.DebugGame|HTML5.ActiveCfg = BuiltWithUnrealBuildTool|Win32
		{72A29B35-4DCC-4A38-9AC0-A6A9BCBD06DD}.DebugGame|HTML5.Build.0 = BuiltWithUnrealBuildTool|Win32
		{72A29B35-4DCC-4A38-9AC0-A6A9BCBD06DD}.DebugGame|Win32.ActiveCfg = BuiltWithUnrealBuildTool|Win32
		{72A29B35-4DCC-4A38-9AC0-A6A9BCBD06DD}.DebugGame|Win32.Build.0 = BuiltWithUnrealBuildTool|Win32
		{72A29B35-4DCC-4A38-9AC0-A6A9BCBD06DD}.DebugGame|Win64.ActiveCfg = BuiltWithUnrealBuildTool|Win32
		{72A29B35-4DCC-4A38-9AC0-A6A9BCBD06DD}.DebugGame|Win64.Build.0 = BuiltWithUnrealBuildTool|Win32
		{72A29B35-4DCC-4A38-9AC0-A6A9BCBD06DD}.Development Editor|HTML5.ActiveCfg = BuiltWithUnrealBuildTool|Win32
		{72A29B35-4DCC-4A38-9AC0-A6A9BCBD06DD}.Development Editor|HTML5.Build.0 = BuiltWithUnrealBuildTool|Win32
		{72A29B35-4DCC-4A38-9AC0-A6A9BCBD06DD}.Development Editor|Win32.ActiveCfg = BuiltWithUnrealBuildTool|Win32
		{72A29B35-4DCC-4A38-9AC0-A6A9BCBD06DD}.Development Editor|Win32.Build.0 = BuiltWithUnrealBuildTool|Win32
		{72A29B35-4DCC-4A38-9AC0-A6A9BCBD06DD}.Development Editor|Win64.ActiveCfg = BuiltWithUnrealBuildTool|Win32
		{72A29B35-4DCC-4A38-9AC0-A6A9BCBD06DD}.Development Editor|Win64.Build.0 = BuiltWithUnrealBuildTool|Win32
		{72A29B35-4DCC-4A38-9AC0-A6A9BCBD06DD}.Development|HTML5.ActiveCfg = BuiltWithUnrealBuildTool|Win32
		{72A29B35-4DCC-4A38-9AC0-A6A9BCBD06DD}.Development|HTML5.Build.0 = BuiltWithUnrealBuildTool|Win32
		{72A29B35-4DCC-4A38-9AC0-A6A9BCBD06DD}.Development|Win32.ActiveCfg = BuiltWithUnrealBuildTool|Win32
		{72A29B35-4DCC-4A38-9AC0-A6A9BCBD06DD}.Development|Win32.Build.0 = BuiltWithUnrealBuildTool|Win32
		{72A29B35-4DCC-4A38-9AC0-A6A9BCBD06DD}.Development|Win64.ActiveCfg = BuiltWithUnrealBuildTool|Win32
		{72A29B35-4DCC-4A38-9AC0-A6A9BCBD06DD}.Development|Win64.Build.0 = BuiltWithUnrealBuildTool|Win32
		{72A29B35-4DCC-4A38-9AC0-A6A9BCBD06DD}.Shipping|HTML5.ActiveCfg = BuiltWithUnrealBuildTool|Win32
		{72A29B35-4DCC-4A38-9AC0-A6A9BCBD06DD}.Shipping|HTML5.Build.0 = BuiltWithUnrealBuildTool|Win32
		{72A29B35-4DCC-4A38-9AC0-A6A9BCBD06DD}.Shipping|Win32.ActiveCfg = BuiltWithUnrealBuildTool|Win32
		{72A29B35-4DCC-4A38-9AC0-A6A9BCBD06DD}.Shipping|Win32.Build.0 = BuiltWithUnrealBuildTool|Win32
		{72A29B35-4DCC-4A38-9AC0-A6A9BCBD06DD}.Shipping|Win64.ActiveCfg = BuiltWithUnrealBuildTool|Win32
		{72A29B35-4DCC-4A38-9AC0-A6A9BCBD06DD}.Shipping|Win64.Build.0 = BuiltWithUnrealBuildTool|Win32
		{9C84A318-86A0-4B79-96C3-415B15C90BA9}.DebugGame Editor|HTML5.ActiveCfg = HTML5_DebugGame_Editor|Win32
		{9C84A318-86A0-4B79-96C3-415B15C90BA9}.DebugGame Editor|Win32.ActiveCfg = DebugGame_Editor|Win32
		{9C84A318-86A0-4B79-96C3-415B15C90BA9}.DebugGame Editor|Win64.ActiveCfg = DebugGame_Editor|x64
		{9C84A318-86A0-4B79-96C3-415B15C90BA9}.DebugGame Editor|Win64.Build.0 = DebugGame_Editor|x64
		{9C84A318-86A0-4B79-96C3-415B15C90BA9}.DebugGame|HTML5.ActiveCfg = HTML5_DebugGame_Game|Win32
		{9C84A318-86A0-4B79-96C3-415B15C90BA9}.DebugGame|HTML5.Build.0 = HTML5_DebugGame_Game|Win32
		{9C84A318-86A0-4B79-96C3-415B15C90BA9}.DebugGame|Win32.ActiveCfg = DebugGame_Game|Win32
		{9C84A318-86A0-4B79-96C3-415B15C90BA9}.DebugGame|Win32.Build.0 = DebugGame_Game|Win32
		{9C84A318-86A0-4B79-96C3-415B15C90BA9}.DebugGame|Win64.ActiveCfg = DebugGame_Game|x64
		{9C84A318-86A0-4B79-96C3-415B15C90BA9}.DebugGame|Win64.Build.0 = DebugGame_Game|x64
		{9C84A318-86A0-4B79-96C3-415B15C90BA9}.Development Editor|HTML5.ActiveCfg = HTML5_Development_Editor|Win32
		{9C84A318-86A0-4B79-96C3-415B15C90BA9}.Development Editor|Win32.ActiveCfg = Development_Editor|Win32
		{9C84A318-86A0-4B79-96C3-415B15C90BA9}.Development Editor|Win64.ActiveCfg = Development_Editor|x64
		{9C84A318-86A0-4B79-96C3-415B15C90BA9}.Development Editor|Win64.Build.0 = Development_Editor|x64
		{9C84A318-86A0-4B79-96C3-415B15C90BA9}.Development|HTML5.ActiveCfg = HTML5_Development_Game|Win32
		{9C84A318-86A0-4B79-96C3-415B15C90BA9}.Development|HTML5.Build.0 = HTML5_Development_Game|Win32
		{9C84A318-86A0-4B79-96C3-415B15C90BA9}.Development|Win32.ActiveCfg = Development_Game|Win32
		{9C84A318-86A0-4B79-96C3-415B15C90BA9}.Development|Win32.Build.0 = Development_Game|Win32
		{9C84A318-86A0-4B79-96C3-415B15C90BA9}.Development|Win64.ActiveCfg = Development_Game|x64
		{9C84A318-86A0-4B79-96C3-415B15C90BA9}.Development|Win64.Build.0 = Development_Game|x64
		{9C84A318-86A0-4B79-96C3-415B15C90BA9}.Shipping|HTML5.ActiveCfg = HTML5_Shipping_Game|Win32
		{9C84A318-86A0-4B79-96C3-415B15C90BA9}.Shipping|HTML5.Build.0 = HTML5_Shipping_Game|Win32
		{9C84A318-86A0-4B79-96C3-415B15C90BA9}.Shipping|Win32.ActiveCfg = Shipping_Game|Win32
		{9C84A318-86A0-4B79-96C3-415B15C90BA9}.Shipping|Win32.Build.0 = Shipping_Game|Win32
		{9C84A318-86A0-4B79-96C3-415B15C90BA9}.Shipping|Win64.ActiveCfg = Shipping_Game|x64
		{9C84A318-86A0-4B79-96C3-415B15C90BA9}.Shipping|Win64.Build.0 = Shipping_Game|x64
	EndGlobalSection
	GlobalSection(SolutionProperties) = preSolution
		HideSolutionNode = FALSE
	EndGlobalSection
	GlobalSection(NestedProjects) = preSolution
		{72A29B35-4DCC-4A38-9AC0-A6A9BCBD06DD} = {9E402B87-DC10-4F2A-9D30-939A8503103A}
		{9C84A318-86A0-4B79-96C3-415B15C90BA9} = {371DF115-4548-4B9A-97D9-90792577415B}
	EndGlobalSection
EndGlobal
